// !$*UTF8*$!
{
	archiveVersion = 1;
	classes = {
	};
	objectVersion = 56;
	objects = {

/* Begin PBXBuildFile section */
		DBEFA6EB2C0D0CEB008BA889 /* FavershamWeatherStationApp.swift in Sources */ = {isa = PBXBuildFile; fileRef = DBEFA6EA2C0D0CEB008BA889 /* FavershamWeatherStationApp.swift */; };
		DBEFA6ED2C0D0CEB008BA889 /* ContentView.swift in Sources */ = {isa = PBXBuildFile; fileRef = DBEFA6EC2C0D0CEB008BA889 /* ContentView.swift */; };
		DBEFA6EF2C0D0CEC008BA889 /* Assets.xcassets in Resources */ = {isa = PBXBuildFile; fileRef = DBEFA6EE2C0D0CEC008BA889 /* Assets.xcassets */; };
		DBEFA6F32C0D0CEC008BA889 /* Preview Assets.xcassets in Resources */ = {isa = PBXBuildFile; fileRef = DBEFA6F22C0D0CEC008BA889 /* Preview Assets.xcassets */; };
		DBEFA6FD2C0D0CEC008BA889 /* FavershamWeatherStationTests.swift in Sources */ = {isa = PBXBuildFile; fileRef = DBEFA6FC2C0D0CEC008BA889 /* FavershamWeatherStationTests.swift */; };
		DBEFA7072C0D0CEC008BA889 /* FavershamWeatherStationUITests.swift in Sources */ = {isa = PBXBuildFile; fileRef = DBEFA7062C0D0CEC008BA889 /* FavershamWeatherStationUITests.swift */; };
		DBEFA7092C0D0CEC008BA889 /* FavershamWeatherStationUITestsLaunchTests.swift in Sources */ = {isa = PBXBuildFile; fileRef = DBEFA7082C0D0CEC008BA889 /* FavershamWeatherStationUITestsLaunchTests.swift */; };
/* End PBXBuildFile section */

/* Begin PBXContainerItemProxy section */
		DBEFA6F92C0D0CEC008BA889 /* PBXContainerItemProxy */ = {
			isa = PBXContainerItemProxy;
			containerPortal = DBEFA6DF2C0D0CEB008BA889 /* Project object */;
			proxyType = 1;
			remoteGlobalIDString = DBEFA6E62C0D0CEB008BA889;
			remoteInfo = FavershamWeatherStation;
		};
		DBEFA7032C0D0CEC008BA889 /* PBXContainerItemProxy */ = {
			isa = PBXContainerItemProxy;
			containerPortal = DBEFA6DF2C0D0CEB008BA889 /* Project object */;
			proxyType = 1;
			remoteGlobalIDString = DBEFA6E62C0D0CEB008BA889;
			remoteInfo = FavershamWeatherStation;
		};
/* End PBXContainerItemProxy section */

/* Begin PBXFileReference section */
		DBEFA6E72C0D0CEB008BA889 /* FavershamWeatherStation.app */ = {isa = PBXFileReference; explicitFileType = wrapper.application; includeInIndex = 0; path = FavershamWeatherStation.app; sourceTree = BUILT_PRODUCTS_DIR; };
		DBEFA6EA2C0D0CEB008BA889 /* FavershamWeatherStationApp.swift */ = {isa = PBXFileReference; lastKnownFileType = sourcecode.swift; path = FavershamWeatherStationApp.swift; sourceTree = "<group>"; };
		DBEFA6EC2C0D0CEB008BA889 /* ContentView.swift */ = {isa = PBXFileReference; lastKnownFileType = sourcecode.swift; path = ContentView.swift; sourceTree = "<group>"; };
		DBEFA6EE2C0D0CEC008BA889 /* Assets.xcassets */ = {isa = PBXFileReference; lastKnownFileType = folder.assetcatalog; path = Assets.xcassets; sourceTree = "<group>"; };
		DBEFA6F02C0D0CEC008BA889 /* FavershamWeatherStation.entitlements */ = {isa = PBXFileReference; lastKnownFileType = text.plist.entitlements; path = FavershamWeatherStation.entitlements; sourceTree = "<group>"; };
		DBEFA6F22C0D0CEC008BA889 /* Preview Assets.xcassets */ = {isa = PBXFileReference; lastKnownFileType = folder.assetcatalog; path = "Preview Assets.xcassets"; sourceTree = "<group>"; };
		DBEFA6F82C0D0CEC008BA889 /* FavershamWeatherStationTests.xctest */ = {isa = PBXFileReference; explicitFileType = wrapper.cfbundle; includeInIndex = 0; path = FavershamWeatherStationTests.xctest; sourceTree = BUILT_PRODUCTS_DIR; };
		DBEFA6FC2C0D0CEC008BA889 /* FavershamWeatherStationTests.swift */ = {isa = PBXFileReference; lastKnownFileType = sourcecode.swift; path = FavershamWeatherStationTests.swift; sourceTree = "<group>"; };
		DBEFA7022C0D0CEC008BA889 /* FavershamWeatherStationUITests.xctest */ = {isa = PBXFileReference; explicitFileType = wrapper.cfbundle; includeInIndex = 0; path = FavershamWeatherStationUITests.xctest; sourceTree = BUILT_PRODUCTS_DIR; };
		DBEFA7062C0D0CEC008BA889 /* FavershamWeatherStationUITests.swift */ = {isa = PBXFileReference; lastKnownFileType = sourcecode.swift; path = FavershamWeatherStationUITests.swift; sourceTree = "<group>"; };
		DBEFA7082C0D0CEC008BA889 /* FavershamWeatherStationUITestsLaunchTests.swift */ = {isa = PBXFileReference; lastKnownFileType = sourcecode.swift; path = FavershamWeatherStationUITestsLaunchTests.swift; sourceTree = "<group>"; };
/* End PBXFileReference section */

/* Begin PBXFrameworksBuildPhase section */
		DBEFA6E42C0D0CEB008BA889 /* Frameworks */ = {
			isa = PBXFrameworksBuildPhase;
			buildActionMask = 2147483647;
			files = (
			);
			runOnlyForDeploymentPostprocessing = 0;
		};
		DBEFA6F52C0D0CEC008BA889 /* Frameworks */ = {
			isa = PBXFrameworksBuildPhase;
			buildActionMask = 2147483647;
			files = (
			);
			runOnlyForDeploymentPostprocessing = 0;
		};
		DBEFA6FF2C0D0CEC008BA889 /* Frameworks */ = {
			isa = PBXFrameworksBuildPhase;
			buildActionMask = 2147483647;
			files = (
			);
			runOnlyForDeploymentPostprocessing = 0;
		};
/* End PBXFrameworksBuildPhase section */

/* Begin PBXGroup section */
		DBEFA6DE2C0D0CEB008BA889 = {
			isa = PBXGroup;
			children = (
				DBEFA6E92C0D0CEB008BA889 /* FavershamWeatherStation */,
				DBEFA6FB2C0D0CEC008BA889 /* FavershamWeatherStationTests */,
				DBEFA7052C0D0CEC008BA889 /* FavershamWeatherStationUITests */,
				DBEFA6E82C0D0CEB008BA889 /* Products */,
			);
			sourceTree = "<group>";
		};
		DBEFA6E82C0D0CEB008BA889 /* Products */ = {
			isa = PBXGroup;
			children = (
				DBEFA6E72C0D0CEB008BA889 /* FavershamWeatherStation.app */,
				DBEFA6F82C0D0CEC008BA889 /* FavershamWeatherStationTests.xctest */,
				DBEFA7022C0D0CEC008BA889 /* FavershamWeatherStationUITests.xctest */,
			);
			name = Products;
			sourceTree = "<group>";
		};
		DBEFA6E92C0D0CEB008BA889 /* FavershamWeatherStation */ = {
			isa = PBXGroup;
			children = (
				DBEFA6EA2C0D0CEB008BA889 /* FavershamWeatherStationApp.swift */,
				DBEFA6EC2C0D0CEB008BA889 /* ContentView.swift */,
				DBEFA6EE2C0D0CEC008BA889 /* Assets.xcassets */,
				DBEFA6F02C0D0CEC008BA889 /* FavershamWeatherStation.entitlements */,
				DBEFA6F12C0D0CEC008BA889 /* Preview Content */,
			);
			path = FavershamWeatherStation;
			sourceTree = "<group>";
		};
		DBEFA6F12C0D0CEC008BA889 /* Preview Content */ = {
			isa = PBXGroup;
			children = (
				DBEFA6F22C0D0CEC008BA889 /* Preview Assets.xcassets */,
			);
			path = "Preview Content";
			sourceTree = "<group>";
		};
		DBEFA6FB2C0D0CEC008BA889 /* FavershamWeatherStationTests */ = {
			isa = PBXGroup;
			children = (
				DBEFA6FC2C0D0CEC008BA889 /* FavershamWeatherStationTests.swift */,
			);
			path = FavershamWeatherStationTests;
			sourceTree = "<group>";
		};
		DBEFA7052C0D0CEC008BA889 /* FavershamWeatherStationUITests */ = {
			isa = PBXGroup;
			children = (
				DBEFA7062C0D0CEC008BA889 /* FavershamWeatherStationUITests.swift */,
				DBEFA7082C0D0CEC008BA889 /* FavershamWeatherStationUITestsLaunchTests.swift */,
			);
			path = FavershamWeatherStationUITests;
			sourceTree = "<group>";
		};
/* End PBXGroup section */

/* Begin PBXNativeTarget section */
		DBEFA6E62C0D0CEB008BA889 /* FavershamWeatherStation */ = {
			isa = PBXNativeTarget;
			buildConfigurationList = DBEFA70C2C0D0CEC008BA889 /* Build configuration list for PBXNativeTarget "FavershamWeatherStation" */;
			buildPhases = (
				DBEFA6E32C0D0CEB008BA889 /* Sources */,
				DBEFA6E42C0D0CEB008BA889 /* Frameworks */,
				DBEFA6E52C0D0CEB008BA889 /* Resources */,
			);
			buildRules = (
			);
			dependencies = (
			);
			name = FavershamWeatherStation;
			productName = FavershamWeatherStation;
			productReference = DBEFA6E72C0D0CEB008BA889 /* FavershamWeatherStation.app */;
			productType = "com.apple.product-type.application";
		};
		DBEFA6F72C0D0CEC008BA889 /* FavershamWeatherStationTests */ = {
			isa = PBXNativeTarget;
			buildConfigurationList = DBEFA70F2C0D0CEC008BA889 /* Build configuration list for PBXNativeTarget "FavershamWeatherStationTests" */;
			buildPhases = (
				DBEFA6F42C0D0CEC008BA889 /* Sources */,
				DBEFA6F52C0D0CEC008BA889 /* Frameworks */,
				DBEFA6F62C0D0CEC008BA889 /* Resources */,
			);
			buildRules = (
			);
			dependencies = (
				DBEFA6FA2C0D0CEC008BA889 /* PBXTargetDependency */,
			);
			name = FavershamWeatherStationTests;
			productName = FavershamWeatherStationTests;
			productReference = DBEFA6F82C0D0CEC008BA889 /* FavershamWeatherStationTests.xctest */;
			productType = "com.apple.product-type.bundle.unit-test";
		};
		DBEFA7012C0D0CEC008BA889 /* FavershamWeatherStationUITests */ = {
			isa = PBXNativeTarget;
			buildConfigurationList = DBEFA7122C0D0CEC008BA889 /* Build configuration list for PBXNativeTarget "FavershamWeatherStationUITests" */;
			buildPhases = (
				DBEFA6FE2C0D0CEC008BA889 /* Sources */,
				DBEFA6FF2C0D0CEC008BA889 /* Frameworks */,
				DBEFA7002C0D0CEC008BA889 /* Resources */,
			);
			buildRules = (
			);
			dependencies = (
				DBEFA7042C0D0CEC008BA889 /* PBXTargetDependency */,
			);
			name = FavershamWeatherStationUITests;
			productName = FavershamWeatherStationUITests;
			productReference = DBEFA7022C0D0CEC008BA889 /* FavershamWeatherStationUITests.xctest */;
			productType = "com.apple.product-type.bundle.ui-testing";
		};
/* End PBXNativeTarget section */

/* Begin PBXProject section */
		DBEFA6DF2C0D0CEB008BA889 /* Project object */ = {
			isa = PBXProject;
			attributes = {
				BuildIndependentTargetsInParallel = 1;
				LastSwiftUpdateCheck = 1540;
				LastUpgradeCheck = 1540;
				TargetAttributes = {
					DBEFA6E62C0D0CEB008BA889 = {
						CreatedOnToolsVersion = 15.4;
					};
					DBEFA6F72C0D0CEC008BA889 = {
						CreatedOnToolsVersion = 15.4;
						TestTargetID = DBEFA6E62C0D0CEB008BA889;
					};
					DBEFA7012C0D0CEC008BA889 = {
						CreatedOnToolsVersion = 15.4;
						TestTargetID = DBEFA6E62C0D0CEB008BA889;
					};
				};
			};
			buildConfigurationList = DBEFA6E22C0D0CEB008BA889 /* Build configuration list for PBXProject "FavershamWeatherStation" */;
			compatibilityVersion = "Xcode 14.0";
			developmentRegion = en;
			hasScannedForEncodings = 0;
			knownRegions = (
				en,
				Base,
			);
			mainGroup = DBEFA6DE2C0D0CEB008BA889;
			productRefGroup = DBEFA6E82C0D0CEB008BA889 /* Products */;
			projectDirPath = "";
			projectRoot = "";
			targets = (
				DBEFA6E62C0D0CEB008BA889 /* FavershamWeatherStation */,
				DBEFA6F72C0D0CEC008BA889 /* FavershamWeatherStationTests */,
				DBEFA7012C0D0CEC008BA889 /* FavershamWeatherStationUITests */,
			);
		};
/* End PBXProject section */

/* Begin PBXResourcesBuildPhase section */
		DBEFA6E52C0D0CEB008BA889 /* Resources */ = {
			isa = PBXResourcesBuildPhase;
			buildActionMask = 2147483647;
			files = (
				DBEFA6F32C0D0CEC008BA889 /* Preview Assets.xcassets in Resources */,
				DBEFA6EF2C0D0CEC008BA889 /* Assets.xcassets in Resources */,
			);
			runOnlyForDeploymentPostprocessing = 0;
		};
		DBEFA6F62C0D0CEC008BA889 /* Resources */ = {
			isa = PBXResourcesBuildPhase;
			buildActionMask = 2147483647;
			files = (
			);
			runOnlyForDeploymentPostprocessing = 0;
		};
		DBEFA7002C0D0CEC008BA889 /* Resources */ = {
			isa = PBXResourcesBuildPhase;
			buildActionMask = 2147483647;
			files = (
			);
			runOnlyForDeploymentPostprocessing = 0;
		};
/* End PBXResourcesBuildPhase section */

/* Begin PBXSourcesBuildPhase section */
		DBEFA6E32C0D0CEB008BA889 /* Sources */ = {
			isa = PBXSourcesBuildPhase;
			buildActionMask = 2147483647;
			files = (
				DBEFA6ED2C0D0CEB008BA889 /* ContentView.swift in Sources */,
				DBEFA6EB2C0D0CEB008BA889 /* FavershamWeatherStationApp.swift in Sources */,
			);
			runOnlyForDeploymentPostprocessing = 0;
		};
		DBEFA6F42C0D0CEC008BA889 /* Sources */ = {
			isa = PBXSourcesBuildPhase;
			buildActionMask = 2147483647;
			files = (
				DBEFA6FD2C0D0CEC008BA889 /* FavershamWeatherStationTests.swift in Sources */,
			);
			runOnlyForDeploymentPostprocessing = 0;
		};
		DBEFA6FE2C0D0CEC008BA889 /* Sources */ = {
			isa = PBXSourcesBuildPhase;
			buildActionMask = 2147483647;
			files = (
				DBEFA7092C0D0CEC008BA889 /* FavershamWeatherStationUITestsLaunchTests.swift in Sources */,
				DBEFA7072C0D0CEC008BA889 /* FavershamWeatherStationUITests.swift in Sources */,
			);
			runOnlyForDeploymentPostprocessing = 0;
		};
/* End PBXSourcesBuildPhase section */

/* Begin PBXTargetDependency section */
		DBEFA6FA2C0D0CEC008BA889 /* PBXTargetDependency */ = {
			isa = PBXTargetDependency;
			target = DBEFA6E62C0D0CEB008BA889 /* FavershamWeatherStation */;
			targetProxy = DBEFA6F92C0D0CEC008BA889 /* PBXContainerItemProxy */;
		};
		DBEFA7042C0D0CEC008BA889 /* PBXTargetDependency */ = {
			isa = PBXTargetDependency;
			target = DBEFA6E62C0D0CEB008BA889 /* FavershamWeatherStation */;
			targetProxy = DBEFA7032C0D0CEC008BA889 /* PBXContainerItemProxy */;
		};
/* End PBXTargetDependency section */

/* Begin XCBuildConfiguration section */
		DBEFA70A2C0D0CEC008BA889 /* Debug */ = {
			isa = XCBuildConfiguration;
			buildSettings = {
				ALWAYS_SEARCH_USER_PATHS = NO;
				ASSETCATALOG_COMPILER_GENERATE_SWIFT_ASSET_SYMBOL_EXTENSIONS = YES;
				CLANG_ANALYZER_NONNULL = YES;
				CLANG_ANALYZER_NUMBER_OBJECT_CONVERSION = YES_AGGRESSIVE;
				CLANG_CXX_LANGUAGE_STANDARD = "gnu++20";
				CLANG_ENABLE_MODULES = YES;
				CLANG_ENABLE_OBJC_ARC = YES;
				CLANG_ENABLE_OBJC_WEAK = YES;
				CLANG_WARN_BLOCK_CAPTURE_AUTORELEASING = YES;
				CLANG_WARN_BOOL_CONVERSION = YES;
				CLANG_WARN_COMMA = YES;
				CLANG_WARN_CONSTANT_CONVERSION = YES;
				CLANG_WARN_DEPRECATED_OBJC_IMPLEMENTATIONS = YES;
				CLANG_WARN_DIRECT_OBJC_ISA_USAGE = YES_ERROR;
				CLANG_WARN_DOCUMENTATION_COMMENTS = YES;
				CLANG_WARN_EMPTY_BODY = YES;
				CLANG_WARN_ENUM_CONVERSION = YES;
				CLANG_WARN_INFINITE_RECURSION = YES;
				CLANG_WARN_INT_CONVERSION = YES;
				CLANG_WARN_NON_LITERAL_NULL_CONVERSION = YES;
				CLANG_WARN_OBJC_IMPLICIT_RETAIN_SELF = YES;
				CLANG_WARN_OBJC_LITERAL_CONVERSION = YES;
				CLANG_WARN_OBJC_ROOT_CLASS = YES_ERROR;
				CLANG_WARN_QUOTED_INCLUDE_IN_FRAMEWORK_HEADER = YES;
				CLANG_WARN_RANGE_LOOP_ANALYSIS = YES;
				CLANG_WARN_STRICT_PROTOTYPES = YES;
				CLANG_WARN_SUSPICIOUS_MOVE = YES;
				CLANG_WARN_UNGUARDED_AVAILABILITY = YES_AGGRESSIVE;
				CLANG_WARN_UNREACHABLE_CODE = YES;
				CLANG_WARN__DUPLICATE_METHOD_MATCH = YES;
				COPY_PHASE_STRIP = NO;
				DEBUG_INFORMATION_FORMAT = dwarf;
				ENABLE_STRICT_OBJC_MSGSEND = YES;
				ENABLE_TESTABILITY = YES;
				ENABLE_USER_SCRIPT_SANDBOXING = YES;
				GCC_C_LANGUAGE_STANDARD = gnu17;
				GCC_DYNAMIC_NO_PIC = NO;
				GCC_NO_COMMON_BLOCKS = YES;
				GCC_OPTIMIZATION_LEVEL = 0;
				GCC_PREPROCESSOR_DEFINITIONS = (
					"DEBUG=1",
					"$(inherited)",
				);
				GCC_WARN_64_TO_32_BIT_CONVERSION = YES;
				GCC_WARN_ABOUT_RETURN_TYPE = YES_ERROR;
				GCC_WARN_UNDECLARED_SELECTOR = YES;
				GCC_WARN_UNINITIALIZED_AUTOS = YES_AGGRESSIVE;
				GCC_WARN_UNUSED_FUNCTION = YES;
				GCC_WARN_UNUSED_VARIABLE = YES;
				LOCALIZATION_PREFERS_STRING_CATALOGS = YES;
				MTL_ENABLE_DEBUG_INFO = INCLUDE_SOURCE;
				MTL_FAST_MATH = YES;
				ONLY_ACTIVE_ARCH = YES;
				SWIFT_ACTIVE_COMPILATION_CONDITIONS = "DEBUG $(inherited)";
				SWIFT_OPTIMIZATION_LEVEL = "-Onone";
			};
			name = Debug;
		};
		DBEFA70B2C0D0CEC008BA889 /* Release */ = {
			isa = XCBuildConfiguration;
			buildSettings = {
				ALWAYS_SEARCH_USER_PATHS = NO;
				ASSETCATALOG_COMPILER_GENERATE_SWIFT_ASSET_SYMBOL_EXTENSIONS = YES;
				CLANG_ANALYZER_NONNULL = YES;
				CLANG_ANALYZER_NUMBER_OBJECT_CONVERSION = YES_AGGRESSIVE;
				CLANG_CXX_LANGUAGE_STANDARD = "gnu++20";
				CLANG_ENABLE_MODULES = YES;
				CLANG_ENABLE_OBJC_ARC = YES;
				CLANG_ENABLE_OBJC_WEAK = YES;
				CLANG_WARN_BLOCK_CAPTURE_AUTORELEASING = YES;
				CLANG_WARN_BOOL_CONVERSION = YES;
				CLANG_WARN_COMMA = YES;
				CLANG_WARN_CONSTANT_CONVERSION = YES;
				CLANG_WARN_DEPRECATED_OBJC_IMPLEMENTATIONS = YES;
				CLANG_WARN_DIRECT_OBJC_ISA_USAGE = YES_ERROR;
				CLANG_WARN_DOCUMENTATION_COMMENTS = YES;
				CLANG_WARN_EMPTY_BODY = YES;
				CLANG_WARN_ENUM_CONVERSION = YES;
				CLANG_WARN_INFINITE_RECURSION = YES;
				CLANG_WARN_INT_CONVERSION = YES;
				CLANG_WARN_NON_LITERAL_NULL_CONVERSION = YES;
				CLANG_WARN_OBJC_IMPLICIT_RETAIN_SELF = YES;
				CLANG_WARN_OBJC_LITERAL_CONVERSION = YES;
				CLANG_WARN_OBJC_ROOT_CLASS = YES_ERROR;
				CLANG_WARN_QUOTED_INCLUDE_IN_FRAMEWORK_HEADER = YES;
				CLANG_WARN_RANGE_LOOP_ANALYSIS = YES;
				CLANG_WARN_STRICT_PROTOTYPES = YES;
				CLANG_WARN_SUSPICIOUS_MOVE = YES;
				CLANG_WARN_UNGUARDED_AVAILABILITY = YES_AGGRESSIVE;
				CLANG_WARN_UNREACHABLE_CODE = YES;
				CLANG_WARN__DUPLICATE_METHOD_MATCH = YES;
				COPY_PHASE_STRIP = NO;
				DEBUG_INFORMATION_FORMAT = "dwarf-with-dsym";
				ENABLE_NS_ASSERTIONS = NO;
				ENABLE_STRICT_OBJC_MSGSEND = YES;
				ENABLE_USER_SCRIPT_SANDBOXING = YES;
				GCC_C_LANGUAGE_STANDARD = gnu17;
				GCC_NO_COMMON_BLOCKS = YES;
				GCC_WARN_64_TO_32_BIT_CONVERSION = YES;
				GCC_WARN_ABOUT_RETURN_TYPE = YES_ERROR;
				GCC_WARN_UNDECLARED_SELECTOR = YES;
				GCC_WARN_UNINITIALIZED_AUTOS = YES_AGGRESSIVE;
				GCC_WARN_UNUSED_FUNCTION = YES;
				GCC_WARN_UNUSED_VARIABLE = YES;
				LOCALIZATION_PREFERS_STRING_CATALOGS = YES;
				MTL_ENABLE_DEBUG_INFO = NO;
				MTL_FAST_MATH = YES;
				SWIFT_COMPILATION_MODE = wholemodule;
			};
			name = Release;
		};
		DBEFA70D2C0D0CEC008BA889 /* Debug */ = {
			isa = XCBuildConfiguration;
			buildSettings = {
				ASSETCATALOG_COMPILER_APPICON_NAME = AppIcon;
				ASSETCATALOG_COMPILER_GLOBAL_ACCENT_COLOR_NAME = AccentColor;
				CODE_SIGN_ENTITLEMENTS = FavershamWeatherStation/FavershamWeatherStation.entitlements;
				CODE_SIGN_STYLE = Automatic;
				CURRENT_PROJECT_VERSION = 1;
				DEVELOPMENT_ASSET_PATHS = "\"FavershamWeatherStation/Preview Content\"";
				DEVELOPMENT_TEAM = K77J5DCJ7R;
				ENABLE_HARDENED_RUNTIME = YES;
				ENABLE_PREVIEWS = YES;
				GENERATE_INFOPLIST_FILE = YES;
				"INFOPLIST_KEY_UIApplicationSceneManifest_Generation[sdk=iphoneos*]" = YES;
				"INFOPLIST_KEY_UIApplicationSceneManifest_Generation[sdk=iphonesimulator*]" = YES;
				"INFOPLIST_KEY_UIApplicationSupportsIndirectInputEvents[sdk=iphoneos*]" = YES;
				"INFOPLIST_KEY_UIApplicationSupportsIndirectInputEvents[sdk=iphonesimulator*]" = YES;
				"INFOPLIST_KEY_UILaunchScreen_Generation[sdk=iphoneos*]" = YES;
				"INFOPLIST_KEY_UILaunchScreen_Generation[sdk=iphonesimulator*]" = YES;
				"INFOPLIST_KEY_UIStatusBarStyle[sdk=iphoneos*]" = UIStatusBarStyleDefault;
				"INFOPLIST_KEY_UIStatusBarStyle[sdk=iphonesimulator*]" = UIStatusBarStyleDefault;
				INFOPLIST_KEY_UISupportedInterfaceOrientations_iPad = "UIInterfaceOrientationPortrait UIInterfaceOrientationPortraitUpsideDown UIInterfaceOrientationLandscapeLeft UIInterfaceOrientationLandscapeRight";
				INFOPLIST_KEY_UISupportedInterfaceOrientations_iPhone = "UIInterfaceOrientationPortrait UIInterfaceOrientationLandscapeLeft UIInterfaceOrientationLandscapeRight";
				IPHONEOS_DEPLOYMENT_TARGET = 17.5;
				LD_RUNPATH_SEARCH_PATHS = "@executable_path/Frameworks";
				"LD_RUNPATH_SEARCH_PATHS[sdk=macosx*]" = "@executable_path/../Frameworks";
				MACOSX_DEPLOYMENT_TARGET = 14.5;
				MARKETING_VERSION = 1.0;
				PRODUCT_BUNDLE_IDENTIFIER = com.paulq.FavershamWeatherStation;
				PRODUCT_NAME = "$(TARGET_NAME)";
				SDKROOT = auto;
				SUPPORTED_PLATFORMS = "iphoneos iphonesimulator macosx";
				SWIFT_EMIT_LOC_STRINGS = YES;
				SWIFT_VERSION = 5.0;
				TARGETED_DEVICE_FAMILY = "1,2";
			};
			name = Debug;
		};
		DBEFA70E2C0D0CEC008BA889 /* Release */ = {
			isa = XCBuildConfiguration;
			buildSettings = {
				ASSETCATALOG_COMPILER_APPICON_NAME = AppIcon;
				ASSETCATALOG_COMPILER_GLOBAL_ACCENT_COLOR_NAME = AccentColor;
				CODE_SIGN_ENTITLEMENTS = FavershamWeatherStation/FavershamWeatherStation.entitlements;
				CODE_SIGN_STYLE = Automatic;
				CURRENT_PROJECT_VERSION = 1;
				DEVELOPMENT_ASSET_PATHS = "\"FavershamWeatherStation/Preview Content\"";
				DEVELOPMENT_TEAM = K77J5DCJ7R;
				ENABLE_HARDENED_RUNTIME = YES;
				ENABLE_PREVIEWS = YES;
				GENERATE_INFOPLIST_FILE = YES;
				"INFOPLIST_KEY_UIApplicationSceneManifest_Generation[sdk=iphoneos*]" = YES;
				"INFOPLIST_KEY_UIApplicationSceneManifest_Generation[sdk=iphonesimulator*]" = YES;
				"INFOPLIST_KEY_UIApplicationSupportsIndirectInputEvents[sdk=iphoneos*]" = YES;
				"INFOPLIST_KEY_UIApplicationSupportsIndirectInputEvents[sdk=iphonesimulator*]" = YES;
				"INFOPLIST_KEY_UILaunchScreen_Generation[sdk=iphoneos*]" = YES;
				"INFOPLIST_KEY_UILaunchScreen_Generation[sdk=iphonesimulator*]" = YES;
				"INFOPLIST_KEY_UIStatusBarStyle[sdk=iphoneos*]" = UIStatusBarStyleDefault;
				"INFOPLIST_KEY_UIStatusBarStyle[sdk=iphonesimulator*]" = UIStatusBarStyleDefault;
				INFOPLIST_KEY_UISupportedInterfaceOrientations_iPad = "UIInterfaceOrientationPortrait UIInterfaceOrientationPortraitUpsideDown UIInterfaceOrientationLandscapeLeft UIInterfaceOrientationLandscapeRight";
				INFOPLIST_KEY_UISupportedInterfaceOrientations_iPhone = "UIInterfaceOrientationPortrait UIInterfaceOrientationLandscapeLeft UIInterfaceOrientationLandscapeRight";
				IPHONEOS_DEPLOYMENT_TARGET = 17.5;
				LD_RUNPATH_SEARCH_PATHS = "@executable_path/Frameworks";
				"LD_RUNPATH_SEARCH_PATHS[sdk=macosx*]" = "@executable_path/../Frameworks";
				MACOSX_DEPLOYMENT_TARGET = 14.5;
				MARKETING_VERSION = 1.0;
				PRODUCT_BUNDLE_IDENTIFIER = com.paulq.FavershamWeatherStation;
				PRODUCT_NAME = "$(TARGET_NAME)";
				SDKROOT = auto;
				SUPPORTED_PLATFORMS = "iphoneos iphonesimulator macosx";
				SWIFT_EMIT_LOC_STRINGS = YES;
				SWIFT_VERSION = 5.0;
				TARGETED_DEVICE_FAMILY = "1,2";
			};
			name = Release;
		};
		DBEFA7102C0D0CEC008BA889 /* Debug */ = {
			isa = XCBuildConfiguration;
			buildSettings = {
				ALWAYS_EMBED_SWIFT_STANDARD_LIBRARIES = YES;
				BUNDLE_LOADER = "$(TEST_HOST)";
				CODE_SIGN_STYLE = Automatic;
				CURRENT_PROJECT_VERSION = 1;
				DEVELOPMENT_TEAM = K77J5DCJ7R;
				GENERATE_INFOPLIST_FILE = YES;
				IPHONEOS_DEPLOYMENT_TARGET = 17.5;
				MACOSX_DEPLOYMENT_TARGET = 14.5;
				MARKETING_VERSION = 1.0;
				PRODUCT_BUNDLE_IDENTIFIER = com.paulq.FavershamWeatherStationTests;
				PRODUCT_NAME = "$(TARGET_NAME)";
				SDKROOT = auto;
				SUPPORTED_PLATFORMS = "iphoneos iphonesimulator macosx";
				SWIFT_EMIT_LOC_STRINGS = NO;
				SWIFT_VERSION = 5.0;
				TARGETED_DEVICE_FAMILY = "1,2";
				TEST_HOST = "$(BUILT_PRODUCTS_DIR)/FavershamWeatherStation.app/$(BUNDLE_EXECUTABLE_FOLDER_PATH)/FavershamWeatherStation";
			};
			name = Debug;
		};
		DBEFA7112C0D0CEC008BA889 /* Release */ = {
			isa = XCBuildConfiguration;
			buildSettings = {
				ALWAYS_EMBED_SWIFT_STANDARD_LIBRARIES = YES;
				BUNDLE_LOADER = "$(TEST_HOST)";
				CODE_SIGN_STYLE = Automatic;
				CURRENT_PROJECT_VERSION = 1;
				DEVELOPMENT_TEAM = K77J5DCJ7R;
				GENERATE_INFOPLIST_FILE = YES;
				IPHONEOS_DEPLOYMENT_TARGET = 17.5;
				MACOSX_DEPLOYMENT_TARGET = 14.5;
				MARKETING_VERSION = 1.0;
				PRODUCT_BUNDLE_IDENTIFIER = com.paulq.FavershamWeatherStationTests;
				PRODUCT_NAME = "$(TARGET_NAME)";
				SDKROOT = auto;
				SUPPORTED_PLATFORMS = "iphoneos iphonesimulator macosx";
				SWIFT_EMIT_LOC_STRINGS = NO;
				SWIFT_VERSION = 5.0;
				TARGETED_DEVICE_FAMILY = "1,2";
				TEST_HOST = "$(BUILT_PRODUCTS_DIR)/FavershamWeatherStation.app/$(BUNDLE_EXECUTABLE_FOLDER_PATH)/FavershamWeatherStation";
			};
			name = Release;
		};
		DBEFA7132C0D0CEC008BA889 /* Debug */ = {
			isa = XCBuildConfiguration;
			buildSettings = {
				ALWAYS_EMBED_SWIFT_STANDARD_LIBRARIES = YES;
				CODE_SIGN_STYLE = Automatic;
				CURRENT_PROJECT_VERSION = 1;
				DEVELOPMENT_TEAM = K77J5DCJ7R;
				GENERATE_INFOPLIST_FILE = YES;
				IPHONEOS_DEPLOYMENT_TARGET = 17.5;
				MACOSX_DEPLOYMENT_TARGET = 14.5;
				MARKETING_VERSION = 1.0;
				PRODUCT_BUNDLE_IDENTIFIER = com.paulq.FavershamWeatherStationUITests;
				PRODUCT_NAME = "$(TARGET_NAME)";
				SDKROOT = auto;
				SUPPORTED_PLATFORMS = "iphoneos iphonesimulator macosx";
				SWIFT_EMIT_LOC_STRINGS = NO;
				SWIFT_VERSION = 5.0;
				TARGETED_DEVICE_FAMILY = "1,2";
				TEST_TARGET_NAME = FavershamWeatherStation;
			};
			name = Debug;
		};
		DBEFA7142C0D0CEC008BA889 /* Release */ = {
			isa = XCBuildConfiguration;
			buildSettings = {
				ALWAYS_EMBED_SWIFT_STANDARD_LIBRARIES = YES;
				CODE_SIGN_STYLE = Automatic;
				CURRENT_PROJECT_VERSION = 1;
				DEVELOPMENT_TEAM = K77J5DCJ7R;
				GENERATE_INFOPLIST_FILE = YES;
				IPHONEOS_DEPLOYMENT_TARGET = 17.5;
				MACOSX_DEPLOYMENT_TARGET = 14.5;
				MARKETING_VERSION = 1.0;
				PRODUCT_BUNDLE_IDENTIFIER = com.paulq.FavershamWeatherStationUITests;
				PRODUCT_NAME = "$(TARGET_NAME)";
				SDKROOT = auto;
				SUPPORTED_PLATFORMS = "iphoneos iphonesimulator macosx";
				SWIFT_EMIT_LOC_STRINGS = NO;
				SWIFT_VERSION = 5.0;
				TARGETED_DEVICE_FAMILY = "1,2";
				TEST_TARGET_NAME = FavershamWeatherStation;
			};
			name = Release;
		};
/* End XCBuildConfiguration section */

/* Begin XCConfigurationList section */
		DBEFA6E22C0D0CEB008BA889 /* Build configuration list for PBXProject "FavershamWeatherStation" */ = {
			isa = XCConfigurationList;
			buildConfigurations = (
				DBEFA70A2C0D0CEC008BA889 /* Debug */,
				DBEFA70B2C0D0CEC008BA889 /* Release */,
			);
			defaultConfigurationIsVisible = 0;
			defaultConfigurationName = Release;
		};
		DBEFA70C2C0D0CEC008BA889 /* Build configuration list for PBXNativeTarget "FavershamWeatherStation" */ = {
			isa = XCConfigurationList;
			buildConfigurations = (
				DBEFA70D2C0D0CEC008BA889 /* Debug */,
				DBEFA70E2C0D0CEC008BA889 /* Release */,
			);
			defaultConfigurationIsVisible = 0;
			defaultConfigurationName = Release;
		};
		DBEFA70F2C0D0CEC008BA889 /* Build configuration list for PBXNativeTarget "FavershamWeatherStationTests" */ = {
			isa = XCConfigurationList;
			buildConfigurations = (
				DBEFA7102C0D0CEC008BA889 /* Debug */,
				DBEFA7112C0D0CEC008BA889 /* Release */,
			);
			defaultConfigurationIsVisible = 0;
			defaultConfigurationName = Release;
		};
		DBEFA7122C0D0CEC008BA889 /* Build configuration list for PBXNativeTarget "FavershamWeatherStationUITests" */ = {
			isa = XCConfigurationList;
			buildConfigurations = (
				DBEFA7132C0D0CEC008BA889 /* Debug */,
				DBEFA7142C0D0CEC008BA889 /* Release */,
			);
			defaultConfigurationIsVisible = 0;
			defaultConfigurationName = Release;
		};
/* End XCConfigurationList section */
	};
	rootObject = DBEFA6DF2C0D0CEB008BA889 /* Project object */;
}
